
Microsoft Visual Studio Solution File, Format Version 12.00
# Visual Studio Version 16
VisualStudioVersion = 16.0.29806.167
MinimumVisualStudioVersion = 10.0.40219.1
Project("{FAE04EC0-301F-11D3-BF4B-00C04F79EFBC}") = "FamilieWandelPad.Android", "FamilieWandelPad\FamilieWandelPad.Android\FamilieWandelPad.Android.csproj", "{0BA6FB26-F2F0-4F5C-8281-87920B09AA3B}"
EndProject
Project("{FAE04EC0-301F-11D3-BF4B-00C04F79EFBC}") = "FamilieWandelPad.iOS", "FamilieWandelPad\FamilieWandelPad.iOS\FamilieWandelPad.iOS.csproj", "{08E23522-EB35-4ACB-888E-EDC49BF5CE1D}"
EndProject
Project("{FAE04EC0-301F-11D3-BF4B-00C04F79EFBC}") = "FamilieWandelPad", "FamilieWandelPad\FamilieWandelPad\FamilieWandelPad.csproj", "{B48DA2D7-6CA8-4B51-93DE-B59FC07366C4}"
EndProject
Project("{FAE04EC0-301F-11D3-BF4B-00C04F79EFBC}") = "FamilieWandelPad.Tests", "FamilieWandelPad.Tests\FamilieWandelPad.Tests.csproj", "{AFB382D0-3EEE-4F07-B03C-D1A427E67E1C}"
EndProject
Global
	GlobalSection(SolutionConfigurationPlatforms) = preSolution
		Debug|Any CPU = Debug|Any CPU
		Debug|iPhone = Debug|iPhone
		Debug|iPhoneSimulator = Debug|iPhoneSimulator
		Release|Any CPU = Release|Any CPU
		Release|iPhone = Release|iPhone
		Release|iPhoneSimulator = Release|iPhoneSimulator
	EndGlobalSection
	GlobalSection(ProjectConfigurationPlatforms) = postSolution
		{0BA6FB26-F2F0-4F5C-8281-87920B09AA3B}.Debug|Any CPU.ActiveCfg = Debug|Any CPU
		{0BA6FB26-F2F0-4F5C-8281-87920B09AA3B}.Debug|Any CPU.Build.0 = Debug|Any CPU
		{0BA6FB26-F2F0-4F5C-8281-87920B09AA3B}.Debug|Any CPU.Deploy.0 = Debug|Any CPU
		{0BA6FB26-F2F0-4F5C-8281-87920B09AA3B}.Debug|iPhone.ActiveCfg = Debug|Any CPU
		{0BA6FB26-F2F0-4F5C-8281-87920B09AA3B}.Debug|iPhone.Build.0 = Debug|Any CPU
		{0BA6FB26-F2F0-4F5C-8281-87920B09AA3B}.Debug|iPhone.Deploy.0 = Debug|Any CPU
		{0BA6FB26-F2F0-4F5C-8281-87920B09AA3B}.Debug|iPhoneSimulator.ActiveCfg = Debug|Any CPU
		{0BA6FB26-F2F0-4F5C-8281-87920B09AA3B}.Debug|iPhoneSimulator.Build.0 = Debug|Any CPU
		{0BA6FB26-F2F0-4F5C-8281-87920B09AA3B}.Debug|iPhoneSimulator.Deploy.0 = Debug|Any CPU
		{0BA6FB26-F2F0-4F5C-8281-87920B09AA3B}.Release|Any CPU.ActiveCfg = Release|Any CPU
		{0BA6FB26-F2F0-4F5C-8281-87920B09AA3B}.Release|Any CPU.Build.0 = Release|Any CPU
		{0BA6FB26-F2F0-4F5C-8281-87920B09AA3B}.Release|Any CPU.Deploy.0 = Release|Any CPU
		{0BA6FB26-F2F0-4F5C-8281-87920B09AA3B}.Release|iPhone.ActiveCfg = Release|Any CPU
		{0BA6FB26-F2F0-4F5C-8281-87920B09AA3B}.Release|iPhone.Build.0 = Release|Any CPU
		{0BA6FB26-F2F0-4F5C-8281-87920B09AA3B}.Release|iPhone.Deploy.0 = Release|Any CPU
		{0BA6FB26-F2F0-4F5C-8281-87920B09AA3B}.Release|iPhoneSimulator.ActiveCfg = Release|Any CPU
		{0BA6FB26-F2F0-4F5C-8281-87920B09AA3B}.Release|iPhoneSimulator.Build.0 = Release|Any CPU
		{0BA6FB26-F2F0-4F5C-8281-87920B09AA3B}.Release|iPhoneSimulator.Deploy.0 = Release|Any CPU
		{08E23522-EB35-4ACB-888E-EDC49BF5CE1D}.Debug|Any CPU.ActiveCfg = Debug|iPhoneSimulator
		{08E23522-EB35-4ACB-888E-EDC49BF5CE1D}.Debug|Any CPU.Build.0 = Debug|iPhoneSimulator
		{08E23522-EB35-4ACB-888E-EDC49BF5CE1D}.Debug|Any CPU.Deploy.0 = Debug|iPhoneSimulator
		{08E23522-EB35-4ACB-888E-EDC49BF5CE1D}.Debug|iPhone.ActiveCfg = Debug|iPhone
		{08E23522-EB35-4ACB-888E-EDC49BF5CE1D}.Debug|iPhone.Build.0 = Debug|iPhone
		{08E23522-EB35-4ACB-888E-EDC49BF5CE1D}.Debug|iPhone.Deploy.0 = Debug|iPhone
		{08E23522-EB35-4ACB-888E-EDC49BF5CE1D}.Debug|iPhoneSimulator.ActiveCfg = Debug|iPhoneSimulator
		{08E23522-EB35-4ACB-888E-EDC49BF5CE1D}.Debug|iPhoneSimulator.Build.0 = Debug|iPhoneSimulator
		{08E23522-EB35-4ACB-888E-EDC49BF5CE1D}.Debug|iPhoneSimulator.Deploy.0 = Debug|iPhoneSimulator
		{08E23522-EB35-4ACB-888E-EDC49BF5CE1D}.Release|Any CPU.ActiveCfg = Release|iPhone
		{08E23522-EB35-4ACB-888E-EDC49BF5CE1D}.Release|Any CPU.Build.0 = Release|iPhone
		{08E23522-EB35-4ACB-888E-EDC49BF5CE1D}.Release|Any CPU.Deploy.0 = Release|iPhone
		{08E23522-EB35-4ACB-888E-EDC49BF5CE1D}.Release|iPhone.ActiveCfg = Release|iPhone
		{08E23522-EB35-4ACB-888E-EDC49BF5CE1D}.Release|iPhone.Build.0 = Release|iPhone
		{08E23522-EB35-4ACB-888E-EDC49BF5CE1D}.Release|iPhone.Deploy.0 = Release|iPhone
		{08E23522-EB35-4ACB-888E-EDC49BF5CE1D}.Release|iPhoneSimulator.ActiveCfg = Release|iPhoneSimulator
		{08E23522-EB35-4ACB-888E-EDC49BF5CE1D}.Release|iPhoneSimulator.Build.0 = Release|iPhoneSimulator
		{08E23522-EB35-4ACB-888E-EDC49BF5CE1D}.Release|iPhoneSimulator.Deploy.0 = Release|iPhoneSimulator
		{B48DA2D7-6CA8-4B51-93DE-B59FC07366C4}.Debug|Any CPU.ActiveCfg = Debug|Any CPU
		{B48DA2D7-6CA8-4B51-93DE-B59FC07366C4}.Debug|Any CPU.Build.0 = Debug|Any CPU
		{B48DA2D7-6CA8-4B51-93DE-B59FC07366C4}.Debug|Any CPU.Deploy.0 = Debug|Any CPU
		{B48DA2D7-6CA8-4B51-93DE-B59FC07366C4}.Debug|iPhone.ActiveCfg = Debug|Any CPU
		{B48DA2D7-6CA8-4B51-93DE-B59FC07366C4}.Debug|iPhone.Build.0 = Debug|Any CPU
		{B48DA2D7-6CA8-4B51-93DE-B59FC07366C4}.Debug|iPhone.Deploy.0 = Debug|Any CPU
		{B48DA2D7-6CA8-4B51-93DE-B59FC07366C4}.Debug|iPhoneSimulator.ActiveCfg = Debug|Any CPU
		{B48DA2D7-6CA8-4B51-93DE-B59FC07366C4}.Debug|iPhoneSimulator.Build.0 = Debug|Any CPU
		{B48DA2D7-6CA8-4B51-93DE-B59FC07366C4}.Debug|iPhoneSimulator.Deploy.0 = Debug|Any CPU
		{B48DA2D7-6CA8-4B51-93DE-B59FC07366C4}.Release|Any CPU.ActiveCfg = Release|Any CPU
		{B48DA2D7-6CA8-4B51-93DE-B59FC07366C4}.Release|Any CPU.Build.0 = Release|Any CPU
		{B48DA2D7-6CA8-4B51-93DE-B59FC07366C4}.Release|Any CPU.Deploy.0 = Release|Any CPU
		{B48DA2D7-6CA8-4B51-93DE-B59FC07366C4}.Release|iPhone.ActiveCfg = Release|Any CPU
		{B48DA2D7-6CA8-4B51-93DE-B59FC07366C4}.Release|iPhone.Build.0 = Release|Any CPU
		{B48DA2D7-6CA8-4B51-93DE-B59FC07366C4}.Release|iPhone.Deploy.0 = Release|Any CPU
		{B48DA2D7-6CA8-4B51-93DE-B59FC07366C4}.Release|iPhoneSimulator.ActiveCfg = Release|Any CPU
		{B48DA2D7-6CA8-4B51-93DE-B59FC07366C4}.Release|iPhoneSimulator.Build.0 = Release|Any CPU
		{B48DA2D7-6CA8-4B51-93DE-B59FC07366C4}.Release|iPhoneSimulator.Deploy.0 = Release|Any CPU
		{AFB382D0-3EEE-4F07-B03C-D1A427E67E1C}.Debug|Any CPU.ActiveCfg = Debug|Any CPU
		{AFB382D0-3EEE-4F07-B03C-D1A427E67E1C}.Debug|Any CPU.Build.0 = Debug|Any CPU
		{AFB382D0-3EEE-4F07-B03C-D1A427E67E1C}.Debug|iPhone.ActiveCfg = Debug|Any CPU
		{AFB382D0-3EEE-4F07-B03C-D1A427E67E1C}.Debug|iPhone.Build.0 = Debug|Any CPU
		{AFB382D0-3EEE-4F07-B03C-D1A427E67E1C}.Debug|iPhoneSimulator.ActiveCfg = Debug|Any CPU
		{AFB382D0-3EEE-4F07-B03C-D1A427E67E1C}.Debug|iPhoneSimulator.Build.0 = Debug|Any CPU
		{AFB382D0-3EEE-4F07-B03C-D1A427E67E1C}.Release|Any CPU.ActiveCfg = Release|Any CPU
		{AFB382D0-3EEE-4F07-B03C-D1A427E67E1C}.Release|Any CPU.Build.0 = Release|Any CPU
		{AFB382D0-3EEE-4F07-B03C-D1A427E67E1C}.Release|iPhone.ActiveCfg = Release|Any CPU
		{AFB382D0-3EEE-4F07-B03C-D1A427E67E1C}.Release|iPhone.Build.0 = Release|Any CPU
		{AFB382D0-3EEE-4F07-B03C-D1A427E67E1C}.Release|iPhoneSimulator.ActiveCfg = Release|Any CPU
		{AFB382D0-3EEE-4F07-B03C-D1A427E67E1C}.Release|iPhoneSimulator.Build.0 = Release|Any CPU
	EndGlobalSection
	GlobalSection(SolutionProperties) = preSolution
		HideSolutionNode = FALSE
	EndGlobalSection
	GlobalSection(ExtensibilityGlobals) = postSolution
		SolutionGuid = {39675F60-3996-4361-BF6C-E25343901B60}
	EndGlobalSection
EndGlobal
